// !$*UTF8*$!
{
	archiveVersion = 1;
	classes = {
	};
	objectVersion = 50;
	objects = {

/* Begin PBXBuildFile section */
		D500A5F325DC6AF3009AEA41 /* index.html in Resources */ = {isa = PBXBuildFile; fileRef = D500A5F225DC6AF3009AEA41 /* index.html */; };
		D51B4C1725C02E0E00D3A261 /* sentence in Resources */ = {isa = PBXBuildFile; fileRef = D51B4C1625C02E0E00D3A261 /* sentence */; };
		D52F9EAC259317D200D4892D /* sound in Resources */ = {isa = PBXBuildFile; fileRef = D52F9EAB259317D200D4892D /* sound */; };
		D55262BB25C29F6100053CC5 /* picture in Resources */ = {isa = PBXBuildFile; fileRef = D55262BA25C29F6100053CC5 /* picture */; };
		D5BB8C6325EEE41B00851816 /* Assets.xcassets in Resources */ = {isa = PBXBuildFile; fileRef = D5BB8C6225EEE41B00851816 /* Assets.xcassets */; };
		D5D545C3259192CB003EB524 /* AppDelegate.swift in Sources */ = {isa = PBXBuildFile; fileRef = D5D545C2259192CB003EB524 /* AppDelegate.swift */; };
		D5D545C5259192CB003EB524 /* SceneDelegate.swift in Sources */ = {isa = PBXBuildFile; fileRef = D5D545C4259192CB003EB524 /* SceneDelegate.swift */; };
		D5D545C7259192CB003EB524 /* ViewController.swift in Sources */ = {isa = PBXBuildFile; fileRef = D5D545C6259192CB003EB524 /* ViewController.swift */; };
		D5D545CA259192CB003EB524 /* Main.storyboard in Resources */ = {isa = PBXBuildFile; fileRef = D5D545C8259192CB003EB524 /* Main.storyboard */; };
		D5D545CF259192CC003EB524 /* LaunchScreen.storyboard in Resources */ = {isa = PBXBuildFile; fileRef = D5D545CD259192CC003EB524 /* LaunchScreen.storyboard */; };
/* End PBXBuildFile section */

/* Begin PBXFileReference section */
		D500A5F225DC6AF3009AEA41 /* index.html */ = {isa = PBXFileReference; fileEncoding = 4; lastKnownFileType = text.html; path = index.html; sourceTree = "<group>"; };
		D51B4C1625C02E0E00D3A261 /* sentence */ = {isa = PBXFileReference; lastKnownFileType = folder; name = sentence; path = ../../../sentence; sourceTree = "<group>"; };
		D52F9EAB259317D200D4892D /* sound */ = {isa = PBXFileReference; lastKnownFileType = folder; name = sound; path = ../../../sound; sourceTree = "<group>"; };
		D55262BA25C29F6100053CC5 /* picture */ = {isa = PBXFileReference; lastKnownFileType = folder; name = picture; path = ../../../picture; sourceTree = "<group>"; };
		D5BB8C6225EEE41B00851816 /* Assets.xcassets */ = {isa = PBXFileReference; lastKnownFileType = folder.assetcatalog; path = Assets.xcassets; sourceTree = "<group>"; };
		D5D545BF259192CB003EB524 /* J and T language learning.app */ = {isa = PBXFileReference; explicitFileType = wrapper.application; includeInIndex = 0; path = "J and T language learning.app"; sourceTree = BUILT_PRODUCTS_DIR; };
		D5D545C2259192CB003EB524 /* AppDelegate.swift */ = {isa = PBXFileReference; lastKnownFileType = sourcecode.swift; path = AppDelegate.swift; sourceTree = "<group>"; };
		D5D545C4259192CB003EB524 /* SceneDelegate.swift */ = {isa = PBXFileReference; lastKnownFileType = sourcecode.swift; path = SceneDelegate.swift; sourceTree = "<group>"; };
		D5D545C6259192CB003EB524 /* ViewController.swift */ = {isa = PBXFileReference; lastKnownFileType = sourcecode.swift; path = ViewController.swift; sourceTree = "<group>"; };
		D5D545C9259192CB003EB524 /* Base */ = {isa = PBXFileReference; lastKnownFileType = file.storyboard; name = Base; path = Base.lproj/Main.storyboard; sourceTree = "<group>"; };
		D5D545CE259192CC003EB524 /* Base */ = {isa = PBXFileReference; lastKnownFileType = file.storyboard; name = Base; path = Base.lproj/LaunchScreen.storyboard; sourceTree = "<group>"; };
		D5D545D0259192CC003EB524 /* Info.plist */ = {isa = PBXFileReference; lastKnownFileType = text.plist.xml; path = Info.plist; sourceTree = "<group>"; };
/* End PBXFileReference section */

/* Begin PBXFrameworksBuildPhase section */
		D5D545BC259192CB003EB524 /* Frameworks */ = {
			isa = PBXFrameworksBuildPhase;
			buildActionMask = 2147483647;
			files = (
			);
			runOnlyForDeploymentPostprocessing = 0;
		};
/* End PBXFrameworksBuildPhase section */

/* Begin PBXGroup section */
		D500A5F125DC6AF3009AEA41 /* docs */ = {
			isa = PBXGroup;
			children = (
				D500A5F225DC6AF3009AEA41 /* index.html */,
			);
			path = docs;
			sourceTree = "<group>";
		};
		D5BB8C4F25EEDAE300851816 /* Model */ = {
			isa = PBXGroup;
			children = (
			);
			path = Model;
			sourceTree = "<group>";
		};
		D5BB8C5025EEDAF300851816 /* View */ = {
			isa = PBXGroup;
			children = (
				D5D545C8259192CB003EB524 /* Main.storyboard */,
				D5D545CD259192CC003EB524 /* LaunchScreen.storyboard */,
			);
			path = View;
			sourceTree = "<group>";
		};
		D5BB8C5225EEDB3200851816 /* Controller */ = {
			isa = PBXGroup;
			children = (
				D5D545C2259192CB003EB524 /* AppDelegate.swift */,
				D5D545C4259192CB003EB524 /* SceneDelegate.swift */,
				D5D545C6259192CB003EB524 /* ViewController.swift */,
			);
			path = Controller;
			sourceTree = "<group>";
		};
		D5D545B6259192CB003EB524 = {
			isa = PBXGroup;
			children = (
				D500A5F125DC6AF3009AEA41 /* docs */,
				D5D545C1259192CB003EB524 /* J and T language learning */,
				D5D545C0259192CB003EB524 /* Products */,
			);
			sourceTree = "<group>";
		};
		D5D545C0259192CB003EB524 /* Products */ = {
			isa = PBXGroup;
			children = (
				D5D545BF259192CB003EB524 /* J and T language learning.app */,
			);
			name = Products;
			sourceTree = "<group>";
		};
		D5D545C1259192CB003EB524 /* J and T language learning */ = {
			isa = PBXGroup;
			children = (
				D5BB8C6225EEE41B00851816 /* Assets.xcassets */,
				D5BB8C4F25EEDAE300851816 /* Model */,
				D5BB8C5025EEDAF300851816 /* View */,
				D5BB8C5225EEDB3200851816 /* Controller */,
				D51B4C1625C02E0E00D3A261 /* sentence */,
				D52F9EAB259317D200D4892D /* sound */,
				D55262BA25C29F6100053CC5 /* picture */,
				D5D545D0259192CC003EB524 /* Info.plist */,
			);
			path = "J and T language learning";
			sourceTree = "<group>";
		};
/* End PBXGroup section */

/* Begin PBXNativeTarget section */
		D5D545BE259192CB003EB524 /* J and T language learning */ = {
			isa = PBXNativeTarget;
			buildConfigurationList = D5D545D3259192CC003EB524 /* Build configuration list for PBXNativeTarget "J and T language learning" */;
			buildPhases = (
				D5D545BB259192CB003EB524 /* Sources */,
				D5D545BC259192CB003EB524 /* Frameworks */,
				D5D545BD259192CB003EB524 /* Resources */,
			);
			buildRules = (
			);
			dependencies = (
			);
			name = "J and T language learning";
			productName = "J and T language learning";
			productReference = D5D545BF259192CB003EB524 /* J and T language learning.app */;
			productType = "com.apple.product-type.application";
		};
/* End PBXNativeTarget section */

/* Begin PBXProject section */
		D5D545B7259192CB003EB524 /* Project object */ = {
			isa = PBXProject;
			attributes = {
				LastSwiftUpdateCheck = 1210;
				LastUpgradeCheck = 1210;
				TargetAttributes = {
					D5D545BE259192CB003EB524 = {
						CreatedOnToolsVersion = 12.1;
					};
				};
			};
			buildConfigurationList = D5D545BA259192CB003EB524 /* Build configuration list for PBXProject "J and T language learning" */;
			compatibilityVersion = "Xcode 9.3";
			developmentRegion = en;
			hasScannedForEncodings = 0;
			knownRegions = (
				en,
				Base,
			);
			mainGroup = D5D545B6259192CB003EB524;
			productRefGroup = D5D545C0259192CB003EB524 /* Products */;
			projectDirPath = "";
			projectRoot = "";
			targets = (
				D5D545BE259192CB003EB524 /* J and T language learning */,
			);
		};
/* End PBXProject section */

/* Begin PBXResourcesBuildPhase section */
		D5D545BD259192CB003EB524 /* Resources */ = {
			isa = PBXResourcesBuildPhase;
			buildActionMask = 2147483647;
			files = (
				D500A5F325DC6AF3009AEA41 /* index.html in Resources */,
				D5D545CF259192CC003EB524 /* LaunchScreen.storyboard in Resources */,
				D5D545CA259192CB003EB524 /* Main.storyboard in Resources */,
				D55262BB25C29F6100053CC5 /* picture in Resources */,
				D5BB8C6325EEE41B00851816 /* Assets.xcassets in Resources */,
				D52F9EAC259317D200D4892D /* sound in Resources */,
				D51B4C1725C02E0E00D3A261 /* sentence in Resources */,
			);
			runOnlyForDeploymentPostprocessing = 0;
		};
/* End PBXResourcesBuildPhase section */

/* Begin PBXSourcesBuildPhase section */
		D5D545BB259192CB003EB524 /* Sources */ = {
			isa = PBXSourcesBuildPhase;
			buildActionMask = 2147483647;
			files = (
				D5D545C7259192CB003EB524 /* ViewController.swift in Sources */,
				D5D545C3259192CB003EB524 /* AppDelegate.swift in Sources */,
				D5D545C5259192CB003EB524 /* SceneDelegate.swift in Sources */,
			);
			runOnlyForDeploymentPostprocessing = 0;
		};
/* End PBXSourcesBuildPhase section */

/* Begin PBXVariantGroup section */
		D5D545C8259192CB003EB524 /* Main.storyboard */ = {
			isa = PBXVariantGroup;
			children = (
				D5D545C9259192CB003EB524 /* Base */,
			);
			name = Main.storyboard;
			sourceTree = "<group>";
		};
		D5D545CD259192CC003EB524 /* LaunchScreen.storyboard */ = {
			isa = PBXVariantGroup;
			children = (
				D5D545CE259192CC003EB524 /* Base */,
			);
			name = LaunchScreen.storyboard;
			sourceTree = "<group>";
		};
/* End PBXVariantGroup section */

/* Begin XCBuildConfiguration section */
		D5D545D1259192CC003EB524 /* Debug */ = {
			isa = XCBuildConfiguration;
			buildSettings = {
				ALWAYS_SEARCH_USER_PATHS = NO;
				CLANG_ANALYZER_NONNULL = YES;
				CLANG_ANALYZER_NUMBER_OBJECT_CONVERSION = YES_AGGRESSIVE;
				CLANG_CXX_LANGUAGE_STANDARD = "gnu++14";
				CLANG_CXX_LIBRARY = "libc++";
				CLANG_ENABLE_MODULES = YES;
				CLANG_ENABLE_OBJC_ARC = YES;
				CLANG_ENABLE_OBJC_WEAK = YES;
				CLANG_WARN_BLOCK_CAPTURE_AUTORELEASING = YES;
				CLANG_WARN_BOOL_CONVERSION = YES;
				CLANG_WARN_COMMA = YES;
				CLANG_WARN_CONSTANT_CONVERSION = YES;
				CLANG_WARN_DEPRECATED_OBJC_IMPLEMENTATIONS = YES;
				CLANG_WARN_DIRECT_OBJC_ISA_USAGE = YES_ERROR;
				CLANG_WARN_DOCUMENTATION_COMMENTS = YES;
				CLANG_WARN_EMPTY_BODY = YES;
				CLANG_WARN_ENUM_CONVERSION = YES;
				CLANG_WARN_INFINITE_RECURSION = YES;
				CLANG_WARN_INT_CONVERSION = YES;
				CLANG_WARN_NON_LITERAL_NULL_CONVERSION = YES;
				CLANG_WARN_OBJC_IMPLICIT_RETAIN_SELF = YES;
				CLANG_WARN_OBJC_LITERAL_CONVERSION = YES;
				CLANG_WARN_OBJC_ROOT_CLASS = YES_ERROR;
				CLANG_WARN_QUOTED_INCLUDE_IN_FRAMEWORK_HEADER = YES;
				CLANG_WARN_RANGE_LOOP_ANALYSIS = YES;
				CLANG_WARN_STRICT_PROTOTYPES = YES;
				CLANG_WARN_SUSPICIOUS_MOVE = YES;
				CLANG_WARN_UNGUARDED_AVAILABILITY = YES_AGGRESSIVE;
				CLANG_WARN_UNREACHABLE_CODE = YES;
				CLANG_WARN__DUPLICATE_METHOD_MATCH = YES;
				COPY_PHASE_STRIP = NO;
				DEBUG_INFORMATION_FORMAT = dwarf;
				ENABLE_STRICT_OBJC_MSGSEND = YES;
				ENABLE_TESTABILITY = YES;
				GCC_C_LANGUAGE_STANDARD = gnu11;
				GCC_DYNAMIC_NO_PIC = NO;
				GCC_NO_COMMON_BLOCKS = YES;
				GCC_OPTIMIZATION_LEVEL = 0;
				GCC_PREPROCESSOR_DEFINITIONS = (
					"DEBUG=1",
					"$(inherited)",
				);
				GCC_WARN_64_TO_32_BIT_CONVERSION = YES;
				GCC_WARN_ABOUT_RETURN_TYPE = YES_ERROR;
				GCC_WARN_UNDECLARED_SELECTOR = YES;
				GCC_WARN_UNINITIALIZED_AUTOS = YES_AGGRESSIVE;
				GCC_WARN_UNUSED_FUNCTION = YES;
				GCC_WARN_UNUSED_VARIABLE = YES;
				IPHONEOS_DEPLOYMENT_TARGET = 14.1;
				MTL_ENABLE_DEBUG_INFO = INCLUDE_SOURCE;
				MTL_FAST_MATH = YES;
				ONLY_ACTIVE_ARCH = YES;
				SDKROOT = iphoneos;
				SWIFT_ACTIVE_COMPILATION_CONDITIONS = DEBUG;
				SWIFT_OPTIMIZATION_LEVEL = "-Onone";
			};
			name = Debug;
		};
		D5D545D2259192CC003EB524 /* Release */ = {
			isa = XCBuildConfiguration;
			buildSettings = {
				ALWAYS_SEARCH_USER_PATHS = NO;
				CLANG_ANALYZER_NONNULL = YES;
				CLANG_ANALYZER_NUMBER_OBJECT_CONVERSION = YES_AGGRESSIVE;
				CLANG_CXX_LANGUAGE_STANDARD = "gnu++14";
				CLANG_CXX_LIBRARY = "libc++";
				CLANG_ENABLE_MODULES = YES;
				CLANG_ENABLE_OBJC_ARC = YES;
				CLANG_ENABLE_OBJC_WEAK = YES;
				CLANG_WARN_BLOCK_CAPTURE_AUTORELEASING = YES;
				CLANG_WARN_BOOL_CONVERSION = YES;
				CLANG_WARN_COMMA = YES;
				CLANG_WARN_CONSTANT_CONVERSION = YES;
				CLANG_WARN_DEPRECATED_OBJC_IMPLEMENTATIONS = YES;
				CLANG_WARN_DIRECT_OBJC_ISA_USAGE = YES_ERROR;
				CLANG_WARN_DOCUMENTATION_COMMENTS = YES;
				CLANG_WARN_EMPTY_BODY = YES;
				CLANG_WARN_ENUM_CONVERSION = YES;
				CLANG_WARN_INFINITE_RECURSION = YES;
				CLANG_WARN_INT_CONVERSION = YES;
				CLANG_WARN_NON_LITERAL_NULL_CONVERSION = YES;
				CLANG_WARN_OBJC_IMPLICIT_RETAIN_SELF = YES;
				CLANG_WARN_OBJC_LITERAL_CONVERSION = YES;
				CLANG_WARN_OBJC_ROOT_CLASS = YES_ERROR;
				CLANG_WARN_QUOTED_INCLUDE_IN_FRAMEWORK_HEADER = YES;
				CLANG_WARN_RANGE_LOOP_ANALYSIS = YES;
				CLANG_WARN_STRICT_PROTOTYPES = YES;
				CLANG_WARN_SUSPICIOUS_MOVE = YES;
				CLANG_WARN_UNGUARDED_AVAILABILITY = YES_AGGRESSIVE;
				CLANG_WARN_UNREACHABLE_CODE = YES;
				CLANG_WARN__DUPLICATE_METHOD_MATCH = YES;
				COPY_PHASE_STRIP = NO;
				DEBUG_INFORMATION_FORMAT = "dwarf-with-dsym";
				ENABLE_NS_ASSERTIONS = NO;
				ENABLE_STRICT_OBJC_MSGSEND = YES;
				GCC_C_LANGUAGE_STANDARD = gnu11;
				GCC_NO_COMMON_BLOCKS = YES;
				GCC_WARN_64_TO_32_BIT_CONVERSION = YES;
				GCC_WARN_ABOUT_RETURN_TYPE = YES_ERROR;
				GCC_WARN_UNDECLARED_SELECTOR = YES;
				GCC_WARN_UNINITIALIZED_AUTOS = YES_AGGRESSIVE;
				GCC_WARN_UNUSED_FUNCTION = YES;
				GCC_WARN_UNUSED_VARIABLE = YES;
				IPHONEOS_DEPLOYMENT_TARGET = 14.1;
				MTL_ENABLE_DEBUG_INFO = NO;
				MTL_FAST_MATH = YES;
				SDKROOT = iphoneos;
				SWIFT_COMPILATION_MODE = wholemodule;
				SWIFT_OPTIMIZATION_LEVEL = "-O";
				VALIDATE_PRODUCT = YES;
			};
			name = Release;
		};
		D5D545D4259192CC003EB524 /* Debug */ = {
			isa = XCBuildConfiguration;
			buildSettings = {
				ASSETCATALOG_COMPILER_APPICON_NAME = AppIcon;
				ASSETCATALOG_COMPILER_GLOBAL_ACCENT_COLOR_NAME = AccentColor;
				CODE_SIGN_STYLE = Automatic;
				DEVELOPMENT_TEAM = B639H858FS;
				INFOPLIST_FILE = "J and T language learning/Info.plist";
				LD_RUNPATH_SEARCH_PATHS = (
					"$(inherited)",
					"@executable_path/Frameworks",
				);
				MARKETING_VERSION = 1.1;
				PRODUCT_BUNDLE_IDENTIFIER = "com.kazukiohta.J-and-T-language-learning";
				PRODUCT_NAME = "$(TARGET_NAME)";
				SWIFT_VERSION = 5.0;
				TARGETED_DEVICE_FAMILY = 1;
			};
			name = Debug;
		};
		D5D545D5259192CC003EB524 /* Release */ = {
			isa = XCBuildConfiguration;
			buildSettings = {
				ASSETCATALOG_COMPILER_APPICON_NAME = AppIcon;
				ASSETCATALOG_COMPILER_GLOBAL_ACCENT_COLOR_NAME = AccentColor;
				CODE_SIGN_STYLE = Automatic;
				DEVELOPMENT_TEAM = B639H858FS;
				INFOPLIST_FILE = "J and T language learning/Info.plist";
				LD_RUNPATH_SEARCH_PATHS = (
					"$(inherited)",
					"@executable_path/Frameworks",
				);
				MARKETING_VERSION = 1.1;
				PRODUCT_BUNDLE_IDENTIFIER = "com.kazukiohta.J-and-T-language-learning";
				PRODUCT_NAME = "$(TARGET_NAME)";
				SWIFT_VERSION = 5.0;
				TARGETED_DEVICE_FAMILY = 1;
			};
			name = Release;
		};
/* End XCBuildConfiguration section */

/* Begin XCConfigurationList section */
		D5D545BA259192CB003EB524 /* Build configuration list for PBXProject "J and T language learning" */ = {
			isa = XCConfigurationList;
			buildConfigurations = (
				D5D545D1259192CC003EB524 /* Debug */,
				D5D545D2259192CC003EB524 /* Release */,
			);
			defaultConfigurationIsVisible = 0;
			defaultConfigurationName = Release;
		};
		D5D545D3259192CC003EB524 /* Build configuration list for PBXNativeTarget "J and T language learning" */ = {
			isa = XCConfigurationList;
			buildConfigurations = (
				D5D545D4259192CC003EB524 /* Debug */,
				D5D545D5259192CC003EB524 /* Release */,
			);
			defaultConfigurationIsVisible = 0;
			defaultConfigurationName = Release;
		};
/* End XCConfigurationList section */
	};
	rootObject = D5D545B7259192CB003EB524 /* Project object */;
}
